# Generated by conda-lock.
# platform: linux-64
# input_hash: abff309fc848dece10e867c1bfc69c163a1485a9bf09a7150348f7961d2bbdb9
@EXPLICIT
https://repo.anaconda.com/pkgs/main/linux-64/_libgcc_mutex-0.1-main.conda#c3473ff8bdb3d124ed5ff11ec380d6f9
https://repo.anaconda.com/pkgs/main/linux-64/_openmp_mutex-5.1-52_gnu.conda#8c74a3d91bfc4b484c91ed7201f84fba
https://repo.anaconda.com/pkgs/main/linux-64/ca-certificates-2026.7.16-h06a4308_0.conda#49bbcd8aae08b29b691f1a444d8f9009
https://repo.anaconda.com/pkgs/main/linux-64/nlohmann_json-3.11.2-h6a678d5_0.conda#36890f7abd98066b607211b1773e6343
https://repo.anaconda.com/pkgs/main/noarch/pybind11-abi-5-hd3eb1b0_0.conda#7f0df6639fdf60ccd3045ee6faedd32f
https://repo.anaconda.com/pkgs/main/noarch/tzdata-2026c-he532380_0.conda#448fc60cd3fb615bf69e242f8aa22914
https://repo.anaconda.com/pkgs/main/linux-64/ld_impl_linux-64-2.44-h9e0c5a2_3.conda#c563bb71f4df90fc3b92cde204827564
https://repo.anaconda.com/pkgs/main/linux-64/libgcc-15.2.0-h69a1729_8.conda#44a53b93cf0953bde4b0f4e610cef1c3
https://repo.anaconda.com/pkgs/main/linux-64/jansson-2.15.0-hbcba0ee_0.conda#fa3f5a347af7dc8c8db48c54fe5a2ae2
https://repo.anaconda.com/pkgs/main/linux-64/libgcc-ng-15.2.0-h166f726_8.conda#b3f01816cd1e046648fff257be7b0248
https://repo.anaconda.com/pkgs/main/linux-64/libiconv-1.18-h75a1612_0.conda#14e4ca2d3797abc3c78ca0ce0e3d9c17
https://repo.anaconda.com/pkgs/main/linux-64/libstdcxx-15.2.0-h39759b7_8.conda#157776d72d1eba48854127f461b729cc
https://repo.anaconda.com/pkgs/main/linux-64/libunistring-1.4.2-h34b0ebb_0.conda#e79c628574f0ed3b60bd63e6d78501a1
https://repo.anaconda.com/pkgs/main/linux-64/libzlib-1.3.2-h47b2149_0.conda#d78e716b8773cada946b76eaa4e6a471
https://repo.anaconda.com/pkgs/main/linux-64/lmdb-1.0.0-hfe55579_0.conda#e5100439622e5e44d07cb223066645d6
https://repo.anaconda.com/pkgs/main/linux-64/openssl-3.5.7-h1b28b03_0.conda#ae75e695171e5244c01c5548e2d72595
https://repo.anaconda.com/pkgs/main/linux-64/pthread-stubs-0.3-h47b2149_2.conda#bcec658a2b5d21bbb5bf97c4548a7cf3
https://repo.anaconda.com/pkgs/main/linux-64/xorg-xorgproto-2024.1-h47b2149_2.conda#eea4ccf000bb5092da6dc999abf66377
https://repo.anaconda.com/pkgs/main/linux-64/xz-5.8.2-h448239c_0.conda#3cf8f0b9f45cd775a7ee57ede84f827f
https://repo.anaconda.com/pkgs/main/linux-64/bzip2-1.0.8-h5eee18b_6.conda#f21a3ff51c1b271977f53ce956a69297
https://repo.anaconda.com/pkgs/main/linux-64/c-ares-1.34.7-hd44998d_0.conda#4facff3d85bf7ffdb034df822fa36893
https://repo.anaconda.com/pkgs/main/linux-64/fmt-12.1.0-h44f220b_0.conda#dd4be9ab91074ac1e2bc78719cf51496
https://repo.anaconda.com/pkgs/main/linux-64/icu-78.3-h53478e7_1.conda#798cbe561fc6b8b98e925ae69e5a048e
https://repo.anaconda.com/pkgs/main/linux-64/libasprintf-0.25.1-ha6c9436_2.conda#da073fc3cbc4cf9d50ef2c1330bedb22
https://repo.anaconda.com/pkgs/main/linux-64/libbrotlicommon-1.2.0-h32cd6e7_0.conda#cdc0bbfec0c99b30d435b22341a716b0
https://repo.anaconda.com/pkgs/main/linux-64/libev-4.33-h7f8727e_1.conda#5065620db4393fb549f30114a33897d1
https://repo.anaconda.com/pkgs/main/linux-64/libexpat-2.8.2-h7354ed3_1.conda#bcf2aaf1e184a7b1311418e3e62f650e
https://repo.anaconda.com/pkgs/main/linux-64/libffi-3.4.8-h06d3fd0_3.conda#cc7c0dee0dd82e6cb7ac6bc41abb68ea
https://repo.anaconda.com/pkgs/main/linux-64/libgettextpo-0.25.1-h64fc44f_2.conda#e5d19247007e9fb692bebe4fc7e1d84e
https://repo.anaconda.com/pkgs/main/linux-64/libkrb5-1.22.2-hbd13c29_0.conda#477232bc15b89fe9bdc25219c3ae6d8b
https://repo.anaconda.com/pkgs/main/linux-64/libstdcxx-ng-15.2.0-hc03a8fd_8.conda#1b632358fe0c3badbd77b81ac05a48c2
https://repo.anaconda.com/pkgs/main/linux-64/libuuid-1.41.5-h5eee18b_0.conda#4a6a2354414c9080327274aa514e5299
https://repo.anaconda.com/pkgs/main/linux-64/lz4-c-1.9.4-h7354ed3_5.conda#66a8a9e87baa7d1c8c7ceb77d0c3908e
https://repo.anaconda.com/pkgs/main/linux-64/ncurses-6.5-h7934f7d_0.conda#0abfc090299da4bb031b84c64309757b
https://repo.anaconda.com/pkgs/main/linux-64/patch-2.8-hb25bd0a_0.conda#e1c4e9ce05066c3de9fa8a8d6ae5612f
https://repo.anaconda.com/pkgs/main/linux-64/reproc-14.2.7-h7bdf020_0.conda#6457711c539cd20f56d9fa5e6ae5a5f5
https://repo.anaconda.com/pkgs/main/linux-64/xorg-libxau-1.0.12-h9b100fa_0.conda#a8005a9f6eb903e113cd5363e8a11459
https://repo.anaconda.com/pkgs/main/linux-64/xorg-libxdmcp-1.1.5-h9b100fa_0.conda#c284a09ddfba81d9c4e740110f09ea06
https://repo.anaconda.com/pkgs/main/linux-64/yaml-0.2.5-h7b6447c_0.conda#39fdbf4db769e494ffb06d95680c83d8
https://repo.anaconda.com/pkgs/main/linux-64/yaml-cpp-0.9.0-he852c71_1.conda#afcb02706e96c57861b17c31982ec24a
https://repo.anaconda.com/pkgs/main/linux-64/zlib-1.3.2-h47b2149_0.conda#95257497fc7a2390d61d46eebd18bdb5
https://repo.anaconda.com/pkgs/main/linux-64/cpp-expected-1.1.0-hdb19cb5_0.conda#3a195bcf47b691adb4a635a8b7f396f7
https://repo.anaconda.com/pkgs/main/linux-64/libasprintf-devel-0.25.1-ha6c9436_2.conda#2875b2c5053c99933493fd311de4c7db
https://repo.anaconda.com/pkgs/main/linux-64/libbrotlidec-1.2.0-ha2c5f68_0.conda#7cad8348df1c96bf2f0a697806d1b3b5
https://repo.anaconda.com/pkgs/main/linux-64/libbrotlienc-1.2.0-h2e96acb_0.conda#854af1d6af8b3565fa8c7edb2141a2de
https://repo.anaconda.com/pkgs/main/linux-64/libgettextpo-devel-0.25.1-h64fc44f_2.conda#7dfcf1e6294244ff62dcc60f0632c95e
https://repo.anaconda.com/pkgs/main/linux-64/libssh2-1.11.1-hfbabe93_1.conda#c3e148e2ae9c7fcbadac3b8d3d096c87
https://repo.anaconda.com/pkgs/main/linux-64/libxcb-1.17.0-h9b100fa_0.conda#fdf0d380fa3809a301e2dbc0d5183883
https://repo.anaconda.com/pkgs/main/linux-64/libxml2-2.15.3-he45aeb6_0.conda#b72f14324a27d1743615103e813f0612
https://repo.anaconda.com/pkgs/main/linux-64/mbedtls-3.5.1-h6a678d5_1.conda#c592d047f3308f1e1e96629d6b77d2d5
https://repo.anaconda.com/pkgs/main/linux-64/patchelf-0.17.2-h6a678d5_0.conda#63ad6ea1e47f568a1bdb5edb66734026
https://repo.anaconda.com/pkgs/main/linux-64/pcre2-10.46-hf426167_0.conda#49c2031dcebd085e49c3aff84479e314
https://repo.anaconda.com/pkgs/main/linux-64/readline-8.3-hc2a1206_0.conda#8578e006d4ef5cb98a6cda232b3490f6
https://repo.anaconda.com/pkgs/main/linux-64/reproc-cpp-14.2.7-h7bdf020_0.conda#cd9ab66296f9984949c0435f41e72b55
https://repo.anaconda.com/pkgs/main/linux-64/simdjson-3.10.1-hdb19cb5_0.conda#7b2a4b5be590071e1b4dce77b413d26a
https://repo.anaconda.com/pkgs/main/linux-64/zstd-1.5.7-h11fc155_0.conda#93b0e546434bfb874aeefd6bb6cf40bb
https://repo.anaconda.com/pkgs/main/linux-64/gettext-tools-0.25.1-hc68a75d_2.conda#b016b6b46058c08821e050527c8a541d
https://repo.anaconda.com/pkgs/main/linux-64/libarchive-3.8.8-h54a5bc8_1.conda#ea092582edc20a694cc3966b015cc498
https://repo.anaconda.com/pkgs/main/linux-64/liblief-0.17.5-hadaebfa_0.conda#3023fa0220e267f8092954c9a06a0004
https://repo.anaconda.com/pkgs/main/linux-64/libnghttp2-1.69.0-h8214106_1.conda#82698380e27d29d13d88bf4d1a729e0a
https://repo.anaconda.com/pkgs/main/linux-64/libsolv-0.7.39-h04d0c11_0.conda#f72f0fb8ac24e44eab20836649955f5b
https://repo.anaconda.com/pkgs/main/linux-64/rattler-build-0.55.1-h300ab14_0.conda#788cdd3da5e225593ee92002e22c4892
https://repo.anaconda.com/pkgs/main/linux-64/sqlite-3.53.2-h795bf6d_0.conda#1b4196e3df4c99c2df5a98e5d5b912a7
https://repo.anaconda.com/pkgs/main/linux-64/xorg-libx11-1.8.12-h9b100fa_1.conda#6298b27afae6f49f03765b2a03df2fcb
https://repo.anaconda.com/pkgs/main/linux-64/gettext-0.25.1-hd8bbc44_2.conda#c422ad9e1a524e4765519420adc81ca9
https://repo.anaconda.com/pkgs/main/linux-64/tk-8.6.15-h54e0aa7_0.conda#1fa91e0c4fc9c9435eda3f1a25a676fd
https://repo.anaconda.com/pkgs/main/linux-64/libidn2-2.3.8-hf80d704_0.conda#7ab70b332bb2df9ce90a1567126b5d2a
https://repo.anaconda.com/pkgs/main/linux-64/python-3.12.13-hc5f7cf0_3.conda#462f7a80351a5a3c6891089b2f9dc7ab
https://repo.anaconda.com/pkgs/main/linux-64/annotated-types-0.7.0-py312h06a4308_0.conda#f3d0f0aa6323a57668535b0dadab04a5
https://repo.anaconda.com/pkgs/main/linux-64/archspec-0.2.6-py312h06a4308_0.conda#3c3dcf157868d333929a3814a91af9fc
https://repo.anaconda.com/pkgs/main/linux-64/attrs-26.1.0-py312h0c820a0_0.conda#0a751003bf1f918b4d4b2dbf9b86275d
https://repo.anaconda.com/pkgs/main/noarch/backports-1.1-pyhd3eb1b0_1.conda#a00e5ec14a0b85e93d73fbb0933d1a88
https://repo.anaconda.com/pkgs/main/linux-64/backports.zstd-1.3.0-py312h89db63a_0.conda#e7775a3ed3e87d620d3fd256990a7957
https://repo.anaconda.com/pkgs/main/linux-64/boltons-25.0.0-py312h06a4308_0.conda#d083f999619aa3abbd12666d05f47f3a
https://repo.anaconda.com/pkgs/main/linux-64/certifi-2026.7.22-py312h06a4308_0.conda#c62e01047e0959c42e205a1c3c3c97c1
https://repo.anaconda.com/pkgs/main/linux-64/chardet-5.2.0-py312h06a4308_0.conda#153de328588ec7f729d287c983ff0933
https://repo.anaconda.com/pkgs/main/linux-64/charset-normalizer-3.4.7-py312h06a4308_0.conda#478f32337db44b3d7774782760464808
https://repo.anaconda.com/pkgs/main/linux-64/click-8.4.1-py312h06a4308_0.conda#5ff788934d68795ae0187bded5879345
https://repo.anaconda.com/pkgs/main/linux-64/distro-1.9.0-py312h06a4308_0.conda#71b90a563af005b336c976cc9466221c
https://repo.anaconda.com/pkgs/main/linux-64/evalidate-2.1.4-py312h06a4308_0.conda#8cb3307a9901b03c722da26526d42b5d
https://repo.anaconda.com/pkgs/main/linux-64/filelock-3.29.4-py312h06a4308_0.conda#102f11aa136ae4c58daa8635e83d8f05
https://repo.anaconda.com/pkgs/main/linux-64/frozendict-2.4.7-py312h47b2149_0.conda#ff2c9789bddc62c4b51786e77115a800
https://repo.anaconda.com/pkgs/main/linux-64/future-1.0.0-py312h06a4308_0.conda#98eb2308cf3c3323253754ebf417c7aa
https://repo.anaconda.com/pkgs/main/linux-64/h11-0.16.0-py312h06a4308_1.conda#dbf5952c9701e8d4a05d6f6f4150838e
https://repo.anaconda.com/pkgs/main/linux-64/idna-3.18-py312h06a4308_0.conda#fe2941269d0d0d220d646ef1d2ffb123
https://repo.anaconda.com/pkgs/main/linux-64/jsonpointer-3.1.1-py312h06a4308_0.conda#d13ef7e259dc07f1890b36d4bc6f792a
https://repo.anaconda.com/pkgs/main/linux-64/libcurl-8.21.0-hd8fa685_0.conda#966edd89c8a164012cf968d374dfb134
https://repo.anaconda.com/pkgs/main/linux-64/markupsafe-3.0.3-py312h47b2149_0.conda#19c8648cca2b6b1f9da925c915a679f3
https://repo.anaconda.com/pkgs/main/linux-64/msgpack-python-1.2.1-py312h7354ed3_0.conda#148be2c2da83972d74c7918f241c42cf
https://repo.anaconda.com/pkgs/main/linux-64/packaging-26.1-py312h06a4308_0.conda#f777d88ff990364de264a14efa08aa2d
https://repo.anaconda.com/pkgs/main/linux-64/pkginfo-1.12.1.2-py312h06a4308_0.conda#5ebfce4f4a2a3a8eb74e9a4013745989
https://repo.anaconda.com/pkgs/main/linux-64/platformdirs-4.11.0-py312h06a4308_0.conda#d029df0a16aea5b31d8b7b433ba7fd2a
https://repo.anaconda.com/pkgs/main/linux-64/pluggy-1.6.0-py312h06a4308_0.conda#49aeaed756f55321e9d6677952697de1
https://repo.anaconda.com/pkgs/main/linux-64/psutil-7.2.2-py312h47b2149_0.conda#68a558558bcfe13cbe622aad575be057
https://repo.anaconda.com/pkgs/main/linux-64/py-lief-0.17.5-py312hadaebfa_0.conda#86ff4a98c2d6936e31cd2dba2204e16c
https://repo.anaconda.com/pkgs/main/linux-64/py-rattler-0.25.0-py312hef7b95b_0.conda#08ed6fb1068fccf34bddfd0d15b8910a
https://repo.anaconda.com/pkgs/main/linux-64/py-rattler-build-0.65.1-py312hef7b95b_0.conda#9faf2385d1ea87de6fe3f383af518b5c
https://repo.anaconda.com/pkgs/main/linux-64/pycosat-0.6.6-py312h5eee18b_2.conda#a367210937e0fcd71a3796820e243cb9
https://repo.anaconda.com/pkgs/main/linux-64/pycparser-3.0-py312h06a4308_0.conda#ea23a949038824cce200da79a04d6222
https://repo.anaconda.com/pkgs/main/linux-64/pyproject_hooks-1.2.0-py312h06a4308_1.conda#aa1eee01ceb5b357ac2cabe6cf27b198
https://repo.anaconda.com/pkgs/main/linux-64/pysocks-1.7.1-py312h06a4308_1.conda#2afa6822053312563592f9a6e44082f1
https://repo.anaconda.com/pkgs/main/linux-64/python-installer-1.0.1-py312h06a4308_0.conda#0410d6addae9bc5154ff314aa86d8f03
https://repo.anaconda.com/pkgs/main/linux-64/python-libarchive-c-5.3-py312h06a4308_0.conda#814e313d85fe576a11390bf2c552a99b
https://repo.anaconda.com/pkgs/main/linux-64/pyyaml-6.0.3-py312h591646f_0.conda#01e406f19472c77dbca1c79aad0543dc
https://repo.anaconda.com/pkgs/main/linux-64/rpds-py-0.28.0-py312h498d7c9_0.conda#e2b3459f94e6efb15e4e5ea2f705d4e0
https://repo.anaconda.com/pkgs/main/linux-64/ruamel.yaml.clib-0.2.14-py312h4aee224_0.conda#5bbe4bcb853db6e51d8a93e995d569da
https://repo.anaconda.com/pkgs/main/linux-64/setuptools-83.0.0-py312h06a4308_0.conda#c498a584444f0eccc9a848f72ce2c9ad
https://repo.anaconda.com/pkgs/main/linux-64/six-1.17.0-py312h06a4308_0.conda#67da338b9fe482d38a7bb281533023b5
https://repo.anaconda.com/pkgs/main/linux-64/soupsieve-2.8.4-py312h06a4308_0.conda#98e70c4122e880cc5a3fc8ae3cdf54ed
https://repo.anaconda.com/pkgs/main/noarch/tomli-w-1.2.0-pyhd3eb1b0_0.conda#9d377a4c8f6b22530328d0726948c03a
https://repo.anaconda.com/pkgs/main/linux-64/tqdm-4.68.2-py312h7040dfc_0.conda#b8169211e87e8ef5bca9f42ca12220c7
https://repo.anaconda.com/pkgs/main/linux-64/truststore-0.10.4-py312h06a4308_0.conda#7c992b9da00e14e9619d165b99d65a22
https://repo.anaconda.com/pkgs/main/linux-64/typing_extensions-4.16.0-py312h06a4308_0.conda#5e43451de51ad3a7d9aa8a4df281299c
https://repo.anaconda.com/pkgs/main/linux-64/anyio-4.12.1-py312h06a4308_0.conda#484cc52f8af5134526ca1d553c458110
https://repo.anaconda.com/pkgs/main/noarch/backports.functools_lru_cache-1.6.4-pyhd3eb1b0_0.conda#473e6bcfbea4b93db271540d2bbc6e7e
https://repo.anaconda.com/pkgs/main/noarch/backports.weakref-1.0.post1-py_1.conda#00e307fcf23c505b57ca89067a880502
https://repo.anaconda.com/pkgs/main/linux-64/cffi-1.17.1-py312h1fdaa30_1.conda#e3c5735b1a5c0ec929f62407410890bb
https://repo.anaconda.com/pkgs/main/linux-64/httpcore-1.0.9-py312h06a4308_0.conda#e1b68c7b162cb872cd865171d7f72823
https://repo.anaconda.com/pkgs/main/linux-64/jinja2-3.1.6-py312h06a4308_0.conda#af29bd5af3d12d33f978b38cc3198bf0
https://repo.anaconda.com/pkgs/main/linux-64/jsonpatch-1.33-py312h06a4308_1.conda#c3de52aaf670064f85106ddb32d720d9
https://repo.anaconda.com/pkgs/main/linux-64/libmamba-2.3.2-he97f470_3.conda#717a40340cf56728dedb6ae3d76afe64
https://repo.anaconda.com/pkgs/main/linux-64/menuinst-2.5.2-py312h06a4308_0.conda#c7a76578eb15bc4a8ab288073419d635
https://repo.anaconda.com/pkgs/main/linux-64/python-build-1.5.1-py312h06a4308_0.conda#49cdff22369923e271044cb00c553b0a
https://repo.anaconda.com/pkgs/main/linux-64/referencing-0.37.0-py312h06a4308_0.conda#66f995dd232ccec747a5a28a85f3811a
https://repo.anaconda.com/pkgs/main/linux-64/ruamel.yaml-0.18.16-py312h4aee224_0.conda#3b04632e2b906fa558296ed7061f17fb
https://repo.anaconda.com/pkgs/main/linux-64/typing-extensions-4.16.0-py312h06a4308_0.conda#9af6cb89ddb5c105d30c51d62aad37d5
https://repo.anaconda.com/pkgs/main/linux-64/typing-inspection-0.4.2-py312h06a4308_0.conda#3d8dbe880668aff92e7f27e0c7dfc0ec
https://repo.anaconda.com/pkgs/main/linux-64/wheel-0.47.0-py312h06a4308_0.conda#22595776019313026ac939317cf79907
https://repo.anaconda.com/pkgs/main/noarch/backports.tempfile-1.0-pyhd3eb1b0_1.tar.bz2#4dec87059082e8904f18e5918322a2f8
https://repo.anaconda.com/pkgs/main/linux-64/beautifulsoup4-4.15.0-py312h06a4308_0.conda#c7724aeab52802f09930213fb81e9760
https://repo.anaconda.com/pkgs/main/linux-64/brotlicffi-1.2.0.0-py312h7354ed3_0.conda#eec9e87e093a926033750d97ab9238f2
https://repo.anaconda.com/pkgs/main/linux-64/httpx-0.28.1-py312h06a4308_1.conda#66f290be90257ec5fe129ccd6267c1a9
https://repo.anaconda.com/pkgs/main/linux-64/jsonschema-specifications-2025.9.1-py312h06a4308_0.conda#cb7b259b25c2d9ced95ad0a054a441a9
https://repo.anaconda.com/pkgs/main/linux-64/libmambapy-2.3.2-py312heb26620_3.conda#89b89cb09841a4736b55738111f1b6a4
https://repo.anaconda.com/pkgs/main/noarch/pip-26.1.2-pyhc872135_0.conda#679b1339b53c0bbc44960f048b5a7b80
https://repo.anaconda.com/pkgs/main/linux-64/pydantic-core-2.46.4-py312h6e1b9ff_0.conda#250ceb78aba36e3ce4a71bcefba18122
https://repo.anaconda.com/pkgs/main/linux-64/zstandard-0.25.0-py312h89db63a_0.conda#4acb77b6c90f597a2039c82ddae4f480
https://repo.anaconda.com/pkgs/main/linux-64/jsonschema-4.25.1-py312h06a4308_0.conda#dcba79982cc589a6817188afee234e23
https://repo.anaconda.com/pkgs/main/linux-64/pydantic-2.13.4-py312h06a4308_0.conda#d48557822fe0228cb70d3f9b1e513828
https://repo.anaconda.com/pkgs/main/linux-64/unearth-0.18.2-py312h06a4308_0.conda#75fe479d2d981566c28340344009c23c
https://repo.anaconda.com/pkgs/main/linux-64/urllib3-2.7.0-py312h06a4308_0.conda#13905e4af3e15b4f8c96898ced1fc9fc
https://repo.anaconda.com/pkgs/main/linux-64/requests-2.34.2-py312h06a4308_0.conda#f2269c3c1df08d0df12b8fdd96c293af
https://repo.anaconda.com/pkgs/main/linux-64/conda-package-streaming-0.13.0-py312h06a4308_0.conda#f76502044df2723d87f13e0b8c661137
https://repo.anaconda.com/pkgs/main/linux-64/conda-package-handling-2.5.0-py312h06a4308_0.conda#9747ac0e9d985dda7ab901d3ede1239d
https://repo.anaconda.com/pkgs/main/noarch/conda-verify-3.4.2-py_1.conda#a632f32be6f66996c03e8a0317a7ac22
https://repo.anaconda.com/pkgs/main/linux-64/conda-index-0.12.1-py312h06a4308_0.conda#f527e28d428792c29462b03f525f39b9
https://repo.anaconda.com/pkgs/main/linux-64/conda-build-26.5.0-py312h945cf10_0.conda#c8d1d2b82e08aa2319cd5f96c4ee8032
https://repo.anaconda.com/pkgs/main/noarch/conda-libmamba-solver-26.7.0-pyh3785b3c_0.conda#192dc73d52b2aa4a927297dc4f12e091
https://repo.anaconda.com/pkgs/main/linux-64/conda-lockfiles-0.2.1-py312h06a4308_0.conda#e665f13cb2c4fea3e275367ffe316a62
https://repo.anaconda.com/pkgs/main/linux-64/conda-pypi-0.11.0-py312h06a4308_0.conda#1f7b839445693dad6ac7fd8dab738ba8
https://repo.anaconda.com/pkgs/main/linux-64/conda-rattler-solver-0.1.1-py312h06a4308_0.conda#355596e354fd25d256341f77e98e70b0
https://repo.anaconda.com/pkgs/main/linux-64/conda-26.7.0-py312h06a4308_0.conda#ecf8f43751e508a6dc203a0391e4d865
https://repo.anaconda.com/pkgs/main/linux-64/conda-self-0.2.1-py312h06a4308_0.conda#c40a49bab10c82d8badfdaff6ffb54d3
